// !$*UTF8*$!
{
	archiveVersion = 1;
	classes = {
	};
	objectVersion = 46;
	objects = {

/* Begin PBXBuildFile section */
		01CF120D3F4B43C5513951BA /* Pods_NoteShareTests.framework in Frameworks */ = {isa = PBXBuildFile; fileRef = E43DCAB160B1A76E4059E84F /* Pods_NoteShareTests.framework */; };
		0947B3963D6C6F6F84E344A0 /* Pods_NoteShare.framework in Frameworks */ = {isa = PBXBuildFile; fileRef = E16B538A299AA30BF236CD59 /* Pods_NoteShare.framework */; };
		769FAE30A4992FCAE2C3B5B0 /* Pods_NoteShareUITests.framework in Frameworks */ = {isa = PBXBuildFile; fileRef = 875604F4D2330742D16170E3 /* Pods_NoteShareUITests.framework */; };
		D2062C972001A83C000791BA /* GoogleService-Info.plist in Resources */ = {isa = PBXBuildFile; fileRef = D2062C962001A83C000791BA /* GoogleService-Info.plist */; };
		D2062C9B20038004000791BA /* SettingsController.swift in Sources */ = {isa = PBXBuildFile; fileRef = D2062C9A20038004000791BA /* SettingsController.swift */; };
		D2062C9D20038012000791BA /* MyNotesController.swift in Sources */ = {isa = PBXBuildFile; fileRef = D2062C9C20038012000791BA /* MyNotesController.swift */; };
		D2062C9F2003801E000791BA /* MyCoursesController.swift in Sources */ = {isa = PBXBuildFile; fileRef = D2062C9E2003801E000791BA /* MyCoursesController.swift */; };
		D210C9701FF802A0006E638F /* HomePageView.swift in Sources */ = {isa = PBXBuildFile; fileRef = D210C96F1FF802A0006E638F /* HomePageView.swift */; };
		D210C9721FF805B5006E638F /* HomePageCollectionViewCell.swift in Sources */ = {isa = PBXBuildFile; fileRef = D210C9711FF805B5006E638F /* HomePageCollectionViewCell.swift */; };
		D210C9741FF8076A006E638F /* HomePage.swift in Sources */ = {isa = PBXBuildFile; fileRef = D210C9731FF8076A006E638F /* HomePage.swift */; };
		D210C9781FF8167C006E638F /* AllCoursesController.swift in Sources */ = {isa = PBXBuildFile; fileRef = D210C9771FF8167C006E638F /* AllCoursesController.swift */; };
		D210C97A1FF823AF006E638F /* Course.swift in Sources */ = {isa = PBXBuildFile; fileRef = D210C9791FF823AF006E638F /* Course.swift */; };
		D210C97D1FF82FC6006E638F /* AllCoursesView.swift in Sources */ = {isa = PBXBuildFile; fileRef = D210C97C1FF82FC6006E638F /* AllCoursesView.swift */; };
		D210C9801FF8352B006E638F /* AllCoursesCollectionViewCell.swift in Sources */ = {isa = PBXBuildFile; fileRef = D210C97F1FF8352B006E638F /* AllCoursesCollectionViewCell.swift */; };
		D210C9821FF855DA006E638F /* AllNotesController.swift in Sources */ = {isa = PBXBuildFile; fileRef = D210C9811FF855DA006E638F /* AllNotesController.swift */; };
		D210C9851FF85608006E638F /* AllNotesView.swift in Sources */ = {isa = PBXBuildFile; fileRef = D210C9841FF85608006E638F /* AllNotesView.swift */; };
		D2126C461FF85771001F57B8 /* AllNotesCollectionViewCell.swift in Sources */ = {isa = PBXBuildFile; fileRef = D2126C451FF85771001F57B8 /* AllNotesCollectionViewCell.swift */; };
		D2126C481FF85C76001F57B8 /* Note.swift in Sources */ = {isa = PBXBuildFile; fileRef = D2126C471FF85C76001F57B8 /* Note.swift */; };
		D2126C4A1FF8748F001F57B8 /* DatabaseGetAdapter.swift in Sources */ = {isa = PBXBuildFile; fileRef = D2126C491FF8748F001F57B8 /* DatabaseGetAdapter.swift */; };
		D2126C4D1FF91DF2001F57B8 /* NotesView.swift in Sources */ = {isa = PBXBuildFile; fileRef = D2126C4C1FF91DF2001F57B8 /* NotesView.swift */; };
		D2126C501FF91E19001F57B8 /* CommentsCollectionViewCell.swift in Sources */ = {isa = PBXBuildFile; fileRef = D2126C4F1FF91E19001F57B8 /* CommentsCollectionViewCell.swift */; };
		D2126C521FF91E40001F57B8 /* NotesController.swift in Sources */ = {isa = PBXBuildFile; fileRef = D2126C511FF91E40001F57B8 /* NotesController.swift */; };
		D2126C541FF94848001F57B8 /* FlexibleTextView.swift in Sources */ = {isa = PBXBuildFile; fileRef = D2126C531FF94848001F57B8 /* FlexibleTextView.swift */; };
		D2126C561FF94FE9001F57B8 /* Comment.swift in Sources */ = {isa = PBXBuildFile; fileRef = D2126C551FF94FE9001F57B8 /* Comment.swift */; };
		D2126C581FF95E7A001F57B8 /* NewCommentsCollectionViewCell.swift in Sources */ = {isa = PBXBuildFile; fileRef = D2126C571FF95E7A001F57B8 /* NewCommentsCollectionViewCell.swift */; };
		D2126C5A1FFA4BEB001F57B8 /* UploadNotesController.swift in Sources */ = {isa = PBXBuildFile; fileRef = D2126C591FFA4BEB001F57B8 /* UploadNotesController.swift */; };
		D2126C5D1FFA4C04001F57B8 /* UploadNotesView.swift in Sources */ = {isa = PBXBuildFile; fileRef = D2126C5C1FFA4C04001F57B8 /* UploadNotesView.swift */; };
		D2206EDC1FBBA275007D7B5A /* CourseView.swift in Sources */ = {isa = PBXBuildFile; fileRef = D2206EDB1FBBA274007D7B5A /* CourseView.swift */; };
		D23BD9EB200E7B07004EE891 /* MyNotesCollectionViewCell.swift in Sources */ = {isa = PBXBuildFile; fileRef = D23BD9EA200E7B07004EE891 /* MyNotesCollectionViewCell.swift */; };
		D23BD9ED200E7B13004EE891 /* MyCoursesCollectionViewCell.swift in Sources */ = {isa = PBXBuildFile; fileRef = D23BD9EC200E7B13004EE891 /* MyCoursesCollectionViewCell.swift */; };
		D23BD9F0200E8AA9004EE891 /* MyCoursesAllNotesController.swift in Sources */ = {isa = PBXBuildFile; fileRef = D23BD9EF200E8AA9004EE891 /* MyCoursesAllNotesController.swift */; };
		D23BD9F2200E8E21004EE891 /* MyCoursesNotesController.swift in Sources */ = {isa = PBXBuildFile; fileRef = D23BD9F1200E8E21004EE891 /* MyCoursesNotesController.swift */; };
		D23BD9F4200E8E38004EE891 /* MyNotesNoteController.swift in Sources */ = {isa = PBXBuildFile; fileRef = D23BD9F3200E8E38004EE891 /* MyNotesNoteController.swift */; };
		D25ED9EF20090DD5003870B4 /* SignUpCollectionViewCell.swift in Sources */ = {isa = PBXBuildFile; fileRef = D25ED9EE20090DD5003870B4 /* SignUpCollectionViewCell.swift */; };
		D25ED9F120092687003870B4 /* SignUpPasswordViewController.swift in Sources */ = {isa = PBXBuildFile; fileRef = D25ED9F020092687003870B4 /* SignUpPasswordViewController.swift */; };
		D27642111F82A95F009A9209 /* AppDelegate.swift in Sources */ = {isa = PBXBuildFile; fileRef = D27642101F82A95F009A9209 /* AppDelegate.swift */; };
		D27642161F82A95F009A9209 /* Main.storyboard in Resources */ = {isa = PBXBuildFile; fileRef = D27642141F82A95F009A9209 /* Main.storyboard */; };
		D27642191F82A95F009A9209 /* NoteShare.xcdatamodeld in Sources */ = {isa = PBXBuildFile; fileRef = D27642171F82A95F009A9209 /* NoteShare.xcdatamodeld */; };
		D276421B1F82A95F009A9209 /* Assets.xcassets in Resources */ = {isa = PBXBuildFile; fileRef = D276421A1F82A95F009A9209 /* Assets.xcassets */; };
		D276421E1F82A95F009A9209 /* LaunchScreen.storyboard in Resources */ = {isa = PBXBuildFile; fileRef = D276421C1F82A95F009A9209 /* LaunchScreen.storyboard */; };
		D27642291F82A95F009A9209 /* NoteShareTests.swift in Sources */ = {isa = PBXBuildFile; fileRef = D27642281F82A95F009A9209 /* NoteShareTests.swift */; };
		D27642341F82A95F009A9209 /* NoteShareUITests.swift in Sources */ = {isa = PBXBuildFile; fileRef = D27642331F82A95F009A9209 /* NoteShareUITests.swift */; };
		D277EDB9200A59B500AD1857 /* ProfileController.swift in Sources */ = {isa = PBXBuildFile; fileRef = D277EDB8200A59B500AD1857 /* ProfileController.swift */; };
		D277EDBC200A5AC300AD1857 /* ProfileTextAttributesCell.swift in Sources */ = {isa = PBXBuildFile; fileRef = D277EDBB200A5AC300AD1857 /* ProfileTextAttributesCell.swift */; };
		D277EDBE200A618C00AD1857 /* ProfileImageCell.swift in Sources */ = {isa = PBXBuildFile; fileRef = D277EDBD200A618C00AD1857 /* ProfileImageCell.swift */; };
		D277EDC0200A686200AD1857 /* CurrentSessionUser.swift in Sources */ = {isa = PBXBuildFile; fileRef = D277EDBF200A686200AD1857 /* CurrentSessionUser.swift */; };
		D27E42DC1F83236A00153302 /* InLineContact.swift in Sources */ = {isa = PBXBuildFile; fileRef = D27E42DB1F83236A00153302 /* InLineContact.swift */; };
		D27E42DE1F84198D00153302 /* RegisterPage.swift in Sources */ = {isa = PBXBuildFile; fileRef = D27E42DD1F84198D00153302 /* RegisterPage.swift */; };
		D27E42E01F8419BA00153302 /* LoginPage.swift in Sources */ = {isa = PBXBuildFile; fileRef = D27E42DF1F8419BA00153302 /* LoginPage.swift */; };
		D284085E2008E49100761D89 /* AppDelegateExtensions.swift in Sources */ = {isa = PBXBuildFile; fileRef = D284085D2008E49100761D89 /* AppDelegateExtensions.swift */; };
		D29B27C61FF0807100575DCE /* UploadImageController.swift in Sources */ = {isa = PBXBuildFile; fileRef = D29B27C51FF0807100575DCE /* UploadImageController.swift */; };
		D29B27C81FF0809A00575DCE /* UploadImageView.swift in Sources */ = {isa = PBXBuildFile; fileRef = D29B27C71FF0809A00575DCE /* UploadImageView.swift */; };
		D29B27CC1FF0995700575DCE /* AllImagesController.swift in Sources */ = {isa = PBXBuildFile; fileRef = D29B27CB1FF0995700575DCE /* AllImagesController.swift */; };
		D29B27CF1FF09B8F00575DCE /* ImageCollectionViewCell.swift in Sources */ = {isa = PBXBuildFile; fileRef = D29B27CE1FF09B8F00575DCE /* ImageCollectionViewCell.swift */; };
		D2C44C7A200A4B0C0080A2C0 /* SameUserCommentCollectionViewCell.swift in Sources */ = {isa = PBXBuildFile; fileRef = D2C44C79200A4B0C0080A2C0 /* SameUserCommentCollectionViewCell.swift */; };
		D2C5A035200D932E00A0BF3B /* CloudKit.framework in Frameworks */ = {isa = PBXBuildFile; fileRef = D2C5A034200D932E00A0BF3B /* CloudKit.framework */; };
		D2CF3AA4200F717000898675 /* HomePageControllerExtension.swift in Sources */ = {isa = PBXBuildFile; fileRef = D2CF3AA3200F717000898675 /* HomePageControllerExtension.swift */; };
		D2F4FDCD1FBAAB6500EDD593 /* myCoursesCell.swift in Sources */ = {isa = PBXBuildFile; fileRef = D2F4FDCC1FBAAB6500EDD593 /* myCoursesCell.swift */; };
		D2F4FDCF1FBAB19C00EDD593 /* LeftMenu.swift in Sources */ = {isa = PBXBuildFile; fileRef = D2F4FDCE1FBAB19C00EDD593 /* LeftMenu.swift */; };
		D2F4FDD11FBAB1E100EDD593 /* MenuScrollCell.swift in Sources */ = {isa = PBXBuildFile; fileRef = D2F4FDD01FBAB1E100EDD593 /* MenuScrollCell.swift */; };
		D2F4FDD31FBAB58300EDD593 /* CoursesController.swift in Sources */ = {isa = PBXBuildFile; fileRef = D2F4FDD21FBAB58300EDD593 /* CoursesController.swift */; };
		D2F4FDD51FBB2F5300EDD593 /* HomePageController.swift in Sources */ = {isa = PBXBuildFile; fileRef = D2F4FDD41FBB2F5300EDD593 /* HomePageController.swift */; };
		D2F4FDD71FBB309D00EDD593 /* Constants.swift in Sources */ = {isa = PBXBuildFile; fileRef = D2F4FDD61FBB309D00EDD593 /* Constants.swift */; };
		D2F4FDD91FBB49C200EDD593 /* HomePageCollectionViewCellRedundant.swift in Sources */ = {isa = PBXBuildFile; fileRef = D2F4FDD81FBB49C200EDD593 /* HomePageCollectionViewCellRedundant.swift */; };
		D2FA8F0120081CFB0087FCF4 /* UniversalUser.swift in Sources */ = {isa = PBXBuildFile; fileRef = D2FA8F0020081CFB0087FCF4 /* UniversalUser.swift */; };
		D2FC016F2007B1DB00A1BA45 /* LoginController.swift in Sources */ = {isa = PBXBuildFile; fileRef = D2FC016E2007B1DB00A1BA45 /* LoginController.swift */; };
		D2FC01712007B1E600A1BA45 /* SignUpController.swift in Sources */ = {isa = PBXBuildFile; fileRef = D2FC01702007B1E600A1BA45 /* SignUpController.swift */; };
		D2FC01732007BCF900A1BA45 /* FirebaseUser.swift in Sources */ = {isa = PBXBuildFile; fileRef = D2FC01722007BCF900A1BA45 /* FirebaseUser.swift */; };
/* End PBXBuildFile section */

/* Begin PBXContainerItemProxy section */
		D27642251F82A95F009A9209 /* PBXContainerItemProxy */ = {
			isa = PBXContainerItemProxy;
			containerPortal = D27642051F82A95E009A9209 /* Project object */;
			proxyType = 1;
			remoteGlobalIDString = D276420C1F82A95E009A9209;
			remoteInfo = NoteShare;
		};
		D27642301F82A95F009A9209 /* PBXContainerItemProxy */ = {
			isa = PBXContainerItemProxy;
			containerPortal = D27642051F82A95E009A9209 /* Project object */;
			proxyType = 1;
			remoteGlobalIDString = D276420C1F82A95E009A9209;
			remoteInfo = NoteShare;
		};
/* End PBXContainerItemProxy section */

/* Begin PBXFileReference section */
		034E410E7B1689D34953C91E /* Pods-NoteShare.debug.xcconfig */ = {isa = PBXFileReference; includeInIndex = 1; lastKnownFileType = text.xcconfig; name = "Pods-NoteShare.debug.xcconfig"; path = "Pods/Target Support Files/Pods-NoteShare/Pods-NoteShare.debug.xcconfig"; sourceTree = "<group>"; };
		2E007F526B5450E19EAF6141 /* Pods-NoteShareTests.debug.xcconfig */ = {isa = PBXFileReference; includeInIndex = 1; lastKnownFileType = text.xcconfig; name = "Pods-NoteShareTests.debug.xcconfig"; path = "Pods/Target Support Files/Pods-NoteShareTests/Pods-NoteShareTests.debug.xcconfig"; sourceTree = "<group>"; };
		58E240EE037912B9ADB34B2E /* Pods-NoteShareUITests.debug.xcconfig */ = {isa = PBXFileReference; includeInIndex = 1; lastKnownFileType = text.xcconfig; name = "Pods-NoteShareUITests.debug.xcconfig"; path = "Pods/Target Support Files/Pods-NoteShareUITests/Pods-NoteShareUITests.debug.xcconfig"; sourceTree = "<group>"; };
		875604F4D2330742D16170E3 /* Pods_NoteShareUITests.framework */ = {isa = PBXFileReference; explicitFileType = wrapper.framework; includeInIndex = 0; path = Pods_NoteShareUITests.framework; sourceTree = BUILT_PRODUCTS_DIR; };
		99C649452EA63CED6E07AB13 /* Pods-NoteShareUITests.release.xcconfig */ = {isa = PBXFileReference; includeInIndex = 1; lastKnownFileType = text.xcconfig; name = "Pods-NoteShareUITests.release.xcconfig"; path = "Pods/Target Support Files/Pods-NoteShareUITests/Pods-NoteShareUITests.release.xcconfig"; sourceTree = "<group>"; };
		CC86EEE1FCDE5CC78CDB8FBD /* Pods-NoteShareTests.release.xcconfig */ = {isa = PBXFileReference; includeInIndex = 1; lastKnownFileType = text.xcconfig; name = "Pods-NoteShareTests.release.xcconfig"; path = "Pods/Target Support Files/Pods-NoteShareTests/Pods-NoteShareTests.release.xcconfig"; sourceTree = "<group>"; };
		D2062C962001A83C000791BA /* GoogleService-Info.plist */ = {isa = PBXFileReference; fileEncoding = 4; lastKnownFileType = text.plist.xml; path = "GoogleService-Info.plist"; sourceTree = "<group>"; };
		D2062C9A20038004000791BA /* SettingsController.swift */ = {isa = PBXFileReference; lastKnownFileType = sourcecode.swift; name = SettingsController.swift; path = Subview/SettingsController.swift; sourceTree = "<group>"; };
		D2062C9C20038012000791BA /* MyNotesController.swift */ = {isa = PBXFileReference; lastKnownFileType = sourcecode.swift; path = MyNotesController.swift; sourceTree = "<group>"; };
		D2062C9E2003801E000791BA /* MyCoursesController.swift */ = {isa = PBXFileReference; lastKnownFileType = sourcecode.swift; path = MyCoursesController.swift; sourceTree = "<group>"; };
		D210C96F1FF802A0006E638F /* HomePageView.swift */ = {isa = PBXFileReference; lastKnownFileType = sourcecode.swift; path = HomePageView.swift; sourceTree = "<group>"; };
		D210C9711FF805B5006E638F /* HomePageCollectionViewCell.swift */ = {isa = PBXFileReference; lastKnownFileType = sourcecode.swift; path = HomePageCollectionViewCell.swift; sourceTree = "<group>"; };
		D210C9731FF8076A006E638F /* HomePage.swift */ = {isa = PBXFileReference; lastKnownFileType = sourcecode.swift; path = HomePage.swift; sourceTree = "<group>"; };
		D210C9771FF8167C006E638F /* AllCoursesController.swift */ = {isa = PBXFileReference; lastKnownFileType = sourcecode.swift; path = AllCoursesController.swift; sourceTree = "<group>"; };
		D210C9791FF823AF006E638F /* Course.swift */ = {isa = PBXFileReference; lastKnownFileType = sourcecode.swift; path = Course.swift; sourceTree = "<group>"; };
		D210C97C1FF82FC6006E638F /* AllCoursesView.swift */ = {isa = PBXFileReference; lastKnownFileType = sourcecode.swift; path = AllCoursesView.swift; sourceTree = "<group>"; };
		D210C97F1FF8352B006E638F /* AllCoursesCollectionViewCell.swift */ = {isa = PBXFileReference; lastKnownFileType = sourcecode.swift; path = AllCoursesCollectionViewCell.swift; sourceTree = "<group>"; };
		D210C9811FF855DA006E638F /* AllNotesController.swift */ = {isa = PBXFileReference; lastKnownFileType = sourcecode.swift; path = AllNotesController.swift; sourceTree = "<group>"; };
		D210C9841FF85608006E638F /* AllNotesView.swift */ = {isa = PBXFileReference; lastKnownFileType = sourcecode.swift; path = AllNotesView.swift; sourceTree = "<group>"; };
		D2126C451FF85771001F57B8 /* AllNotesCollectionViewCell.swift */ = {isa = PBXFileReference; lastKnownFileType = sourcecode.swift; path = AllNotesCollectionViewCell.swift; sourceTree = "<group>"; };
		D2126C471FF85C76001F57B8 /* Note.swift */ = {isa = PBXFileReference; lastKnownFileType = sourcecode.swift; path = Note.swift; sourceTree = "<group>"; };
		D2126C491FF8748F001F57B8 /* DatabaseGetAdapter.swift */ = {isa = PBXFileReference; lastKnownFileType = sourcecode.swift; path = DatabaseGetAdapter.swift; sourceTree = "<group>"; };
		D2126C4C1FF91DF2001F57B8 /* NotesView.swift */ = {isa = PBXFileReference; lastKnownFileType = sourcecode.swift; path = NotesView.swift; sourceTree = "<group>"; };
		D2126C4F1FF91E19001F57B8 /* CommentsCollectionViewCell.swift */ = {isa = PBXFileReference; lastKnownFileType = sourcecode.swift; path = CommentsCollectionViewCell.swift; sourceTree = "<group>"; };
		D2126C511FF91E40001F57B8 /* NotesController.swift */ = {isa = PBXFileReference; lastKnownFileType = sourcecode.swift; path = NotesController.swift; sourceTree = "<group>"; };
		D2126C531FF94848001F57B8 /* FlexibleTextView.swift */ = {isa = PBXFileReference; lastKnownFileType = sourcecode.swift; path = FlexibleTextView.swift; sourceTree = "<group>"; };
		D2126C551FF94FE9001F57B8 /* Comment.swift */ = {isa = PBXFileReference; lastKnownFileType = sourcecode.swift; path = Comment.swift; sourceTree = "<group>"; };
		D2126C571FF95E7A001F57B8 /* NewCommentsCollectionViewCell.swift */ = {isa = PBXFileReference; lastKnownFileType = sourcecode.swift; path = NewCommentsCollectionViewCell.swift; sourceTree = "<group>"; };
		D2126C591FFA4BEB001F57B8 /* UploadNotesController.swift */ = {isa = PBXFileReference; lastKnownFileType = sourcecode.swift; path = UploadNotesController.swift; sourceTree = "<group>"; };
		D2126C5C1FFA4C04001F57B8 /* UploadNotesView.swift */ = {isa = PBXFileReference; lastKnownFileType = sourcecode.swift; path = UploadNotesView.swift; sourceTree = "<group>"; };
		D2206EDB1FBBA274007D7B5A /* CourseView.swift */ = {isa = PBXFileReference; lastKnownFileType = sourcecode.swift; path = CourseView.swift; sourceTree = "<group>"; };
		D239B45A20064B8900F433CA /* NoteShare.entitlements */ = {isa = PBXFileReference; lastKnownFileType = text.plist.entitlements; path = NoteShare.entitlements; sourceTree = "<group>"; };
		D23BD9EA200E7B07004EE891 /* MyNotesCollectionViewCell.swift */ = {isa = PBXFileReference; lastKnownFileType = sourcecode.swift; path = MyNotesCollectionViewCell.swift; sourceTree = "<group>"; };
		D23BD9EC200E7B13004EE891 /* MyCoursesCollectionViewCell.swift */ = {isa = PBXFileReference; lastKnownFileType = sourcecode.swift; path = MyCoursesCollectionViewCell.swift; sourceTree = "<group>"; };
		D23BD9EF200E8AA9004EE891 /* MyCoursesAllNotesController.swift */ = {isa = PBXFileReference; lastKnownFileType = sourcecode.swift; path = MyCoursesAllNotesController.swift; sourceTree = "<group>"; };
		D23BD9F1200E8E21004EE891 /* MyCoursesNotesController.swift */ = {isa = PBXFileReference; lastKnownFileType = sourcecode.swift; path = MyCoursesNotesController.swift; sourceTree = "<group>"; };
		D23BD9F3200E8E38004EE891 /* MyNotesNoteController.swift */ = {isa = PBXFileReference; lastKnownFileType = sourcecode.swift; path = MyNotesNoteController.swift; sourceTree = "<group>"; };
		D25ED9EE20090DD5003870B4 /* SignUpCollectionViewCell.swift */ = {isa = PBXFileReference; lastKnownFileType = sourcecode.swift; path = SignUpCollectionViewCell.swift; sourceTree = "<group>"; };
		D25ED9F020092687003870B4 /* SignUpPasswordViewController.swift */ = {isa = PBXFileReference; lastKnownFileType = sourcecode.swift; path = SignUpPasswordViewController.swift; sourceTree = "<group>"; };
		D276420D1F82A95F009A9209 /* NoteShare.app */ = {isa = PBXFileReference; explicitFileType = wrapper.application; includeInIndex = 0; path = NoteShare.app; sourceTree = BUILT_PRODUCTS_DIR; };
		D27642101F82A95F009A9209 /* AppDelegate.swift */ = {isa = PBXFileReference; lastKnownFileType = sourcecode.swift; path = AppDelegate.swift; sourceTree = "<group>"; };
		D27642151F82A95F009A9209 /* Base */ = {isa = PBXFileReference; lastKnownFileType = file.storyboard; name = Base; path = Base.lproj/Main.storyboard; sourceTree = "<group>"; };
		D27642181F82A95F009A9209 /* NoteShare.xcdatamodel */ = {isa = PBXFileReference; lastKnownFileType = wrapper.xcdatamodel; path = NoteShare.xcdatamodel; sourceTree = "<group>"; };
		D276421A1F82A95F009A9209 /* Assets.xcassets */ = {isa = PBXFileReference; lastKnownFileType = folder.assetcatalog; path = Assets.xcassets; sourceTree = "<group>"; };
		D276421D1F82A95F009A9209 /* Base */ = {isa = PBXFileReference; lastKnownFileType = file.storyboard; name = Base; path = Base.lproj/LaunchScreen.storyboard; sourceTree = "<group>"; };
		D276421F1F82A95F009A9209 /* Info.plist */ = {isa = PBXFileReference; lastKnownFileType = text.plist.xml; path = Info.plist; sourceTree = "<group>"; };
		D27642241F82A95F009A9209 /* NoteShareTests.xctest */ = {isa = PBXFileReference; explicitFileType = wrapper.cfbundle; includeInIndex = 0; path = NoteShareTests.xctest; sourceTree = BUILT_PRODUCTS_DIR; };
		D27642281F82A95F009A9209 /* NoteShareTests.swift */ = {isa = PBXFileReference; lastKnownFileType = sourcecode.swift; path = NoteShareTests.swift; sourceTree = "<group>"; };
		D276422A1F82A95F009A9209 /* Info.plist */ = {isa = PBXFileReference; lastKnownFileType = text.plist.xml; path = Info.plist; sourceTree = "<group>"; };
		D276422F1F82A95F009A9209 /* NoteShareUITests.xctest */ = {isa = PBXFileReference; explicitFileType = wrapper.cfbundle; includeInIndex = 0; path = NoteShareUITests.xctest; sourceTree = BUILT_PRODUCTS_DIR; };
		D27642331F82A95F009A9209 /* NoteShareUITests.swift */ = {isa = PBXFileReference; lastKnownFileType = sourcecode.swift; path = NoteShareUITests.swift; sourceTree = "<group>"; };
		D27642351F82A95F009A9209 /* Info.plist */ = {isa = PBXFileReference; lastKnownFileType = text.plist.xml; path = Info.plist; sourceTree = "<group>"; };
		D277EDB8200A59B500AD1857 /* ProfileController.swift */ = {isa = PBXFileReference; lastKnownFileType = sourcecode.swift; path = ProfileController.swift; sourceTree = "<group>"; };
		D277EDBB200A5AC300AD1857 /* ProfileTextAttributesCell.swift */ = {isa = PBXFileReference; lastKnownFileType = sourcecode.swift; path = ProfileTextAttributesCell.swift; sourceTree = "<group>"; };
		D277EDBD200A618C00AD1857 /* ProfileImageCell.swift */ = {isa = PBXFileReference; lastKnownFileType = sourcecode.swift; path = ProfileImageCell.swift; sourceTree = "<group>"; };
		D277EDBF200A686200AD1857 /* CurrentSessionUser.swift */ = {isa = PBXFileReference; lastKnownFileType = sourcecode.swift; path = CurrentSessionUser.swift; sourceTree = "<group>"; };
		D27E42DB1F83236A00153302 /* InLineContact.swift */ = {isa = PBXFileReference; fileEncoding = 4; lastKnownFileType = sourcecode.swift; path = InLineContact.swift; sourceTree = "<group>"; };
		D27E42DD1F84198D00153302 /* RegisterPage.swift */ = {isa = PBXFileReference; fileEncoding = 4; lastKnownFileType = sourcecode.swift; path = RegisterPage.swift; sourceTree = "<group>"; };
		D27E42DF1F8419BA00153302 /* LoginPage.swift */ = {isa = PBXFileReference; fileEncoding = 4; lastKnownFileType = sourcecode.swift; path = LoginPage.swift; sourceTree = "<group>"; };
		D284085D2008E49100761D89 /* AppDelegateExtensions.swift */ = {isa = PBXFileReference; lastKnownFileType = sourcecode.swift; path = AppDelegateExtensions.swift; sourceTree = "<group>"; };
		D29B27C51FF0807100575DCE /* UploadImageController.swift */ = {isa = PBXFileReference; lastKnownFileType = sourcecode.swift; path = UploadImageController.swift; sourceTree = "<group>"; };
		D29B27C71FF0809A00575DCE /* UploadImageView.swift */ = {isa = PBXFileReference; lastKnownFileType = sourcecode.swift; path = UploadImageView.swift; sourceTree = "<group>"; };
		D29B27CB1FF0995700575DCE /* AllImagesController.swift */ = {isa = PBXFileReference; lastKnownFileType = sourcecode.swift; path = AllImagesController.swift; sourceTree = "<group>"; };
		D29B27CE1FF09B8F00575DCE /* ImageCollectionViewCell.swift */ = {isa = PBXFileReference; lastKnownFileType = sourcecode.swift; path = ImageCollectionViewCell.swift; sourceTree = "<group>"; };
		D29B27D31FF0A51A00575DCE /* NoteShare-Bridging-Header.h */ = {isa = PBXFileReference; lastKnownFileType = sourcecode.c.h; path = "NoteShare-Bridging-Header.h"; sourceTree = "<group>"; };
		D2C44C79200A4B0C0080A2C0 /* SameUserCommentCollectionViewCell.swift */ = {isa = PBXFileReference; lastKnownFileType = sourcecode.swift; path = SameUserCommentCollectionViewCell.swift; sourceTree = "<group>"; };
		D2C5A034200D932E00A0BF3B /* CloudKit.framework */ = {isa = PBXFileReference; lastKnownFileType = wrapper.framework; name = CloudKit.framework; path = System/Library/Frameworks/CloudKit.framework; sourceTree = SDKROOT; };
		D2CF3AA3200F717000898675 /* HomePageControllerExtension.swift */ = {isa = PBXFileReference; lastKnownFileType = sourcecode.swift; path = HomePageControllerExtension.swift; sourceTree = "<group>"; };
		D2F4FDCC1FBAAB6500EDD593 /* myCoursesCell.swift */ = {isa = PBXFileReference; lastKnownFileType = sourcecode.swift; path = myCoursesCell.swift; sourceTree = "<group>"; };
		D2F4FDCE1FBAB19C00EDD593 /* LeftMenu.swift */ = {isa = PBXFileReference; fileEncoding = 4; lastKnownFileType = sourcecode.swift; path = LeftMenu.swift; sourceTree = "<group>"; };
		D2F4FDD01FBAB1E100EDD593 /* MenuScrollCell.swift */ = {isa = PBXFileReference; fileEncoding = 4; lastKnownFileType = sourcecode.swift; path = MenuScrollCell.swift; sourceTree = "<group>"; };
		D2F4FDD21FBAB58300EDD593 /* CoursesController.swift */ = {isa = PBXFileReference; lastKnownFileType = sourcecode.swift; path = CoursesController.swift; sourceTree = "<group>"; };
		D2F4FDD41FBB2F5300EDD593 /* HomePageController.swift */ = {isa = PBXFileReference; fileEncoding = 4; lastKnownFileType = sourcecode.swift; path = HomePageController.swift; sourceTree = "<group>"; };
		D2F4FDD61FBB309D00EDD593 /* Constants.swift */ = {isa = PBXFileReference; lastKnownFileType = sourcecode.swift; path = Constants.swift; sourceTree = "<group>"; };
		D2F4FDD81FBB49C200EDD593 /* HomePageCollectionViewCellRedundant.swift */ = {isa = PBXFileReference; lastKnownFileType = sourcecode.swift; path = HomePageCollectionViewCellRedundant.swift; sourceTree = "<group>"; };
		D2FA8F0020081CFB0087FCF4 /* UniversalUser.swift */ = {isa = PBXFileReference; lastKnownFileType = sourcecode.swift; path = UniversalUser.swift; sourceTree = "<group>"; };
		D2FC016E2007B1DB00A1BA45 /* LoginController.swift */ = {isa = PBXFileReference; lastKnownFileType = sourcecode.swift; path = LoginController.swift; sourceTree = "<group>"; };
		D2FC01702007B1E600A1BA45 /* SignUpController.swift */ = {isa = PBXFileReference; lastKnownFileType = sourcecode.swift; path = SignUpController.swift; sourceTree = "<group>"; };
		D2FC01722007BCF900A1BA45 /* FirebaseUser.swift */ = {isa = PBXFileReference; lastKnownFileType = sourcecode.swift; path = FirebaseUser.swift; sourceTree = "<group>"; };
		D8A94632DEA9121F2317CF76 /* Pods-NoteShare.release.xcconfig */ = {isa = PBXFileReference; includeInIndex = 1; lastKnownFileType = text.xcconfig; name = "Pods-NoteShare.release.xcconfig"; path = "Pods/Target Support Files/Pods-NoteShare/Pods-NoteShare.release.xcconfig"; sourceTree = "<group>"; };
		E16B538A299AA30BF236CD59 /* Pods_NoteShare.framework */ = {isa = PBXFileReference; explicitFileType = wrapper.framework; includeInIndex = 0; path = Pods_NoteShare.framework; sourceTree = BUILT_PRODUCTS_DIR; };
		E43DCAB160B1A76E4059E84F /* Pods_NoteShareTests.framework */ = {isa = PBXFileReference; explicitFileType = wrapper.framework; includeInIndex = 0; path = Pods_NoteShareTests.framework; sourceTree = BUILT_PRODUCTS_DIR; };
/* End PBXFileReference section */

/* Begin PBXFrameworksBuildPhase section */
		D276420A1F82A95E009A9209 /* Frameworks */ = {
			isa = PBXFrameworksBuildPhase;
			buildActionMask = 2147483647;
			files = (
				0947B3963D6C6F6F84E344A0 /* Pods_NoteShare.framework in Frameworks */,
				D2C5A035200D932E00A0BF3B /* CloudKit.framework in Frameworks */,
			);
			runOnlyForDeploymentPostprocessing = 0;
		};
		D27642211F82A95F009A9209 /* Frameworks */ = {
			isa = PBXFrameworksBuildPhase;
			buildActionMask = 2147483647;
			files = (
				01CF120D3F4B43C5513951BA /* Pods_NoteShareTests.framework in Frameworks */,
			);
			runOnlyForDeploymentPostprocessing = 0;
		};
		D276422C1F82A95F009A9209 /* Frameworks */ = {
			isa = PBXFrameworksBuildPhase;
			buildActionMask = 2147483647;
			files = (
				769FAE30A4992FCAE2C3B5B0 /* Pods_NoteShareUITests.framework in Frameworks */,
			);
			runOnlyForDeploymentPostprocessing = 0;
		};
/* End PBXFrameworksBuildPhase section */

/* Begin PBXGroup section */
		070B862CE144CE3CF85121CA /* Pods */ = {
			isa = PBXGroup;
			children = (
				034E410E7B1689D34953C91E /* Pods-NoteShare.debug.xcconfig */,
				D8A94632DEA9121F2317CF76 /* Pods-NoteShare.release.xcconfig */,
				2E007F526B5450E19EAF6141 /* Pods-NoteShareTests.debug.xcconfig */,
				CC86EEE1FCDE5CC78CDB8FBD /* Pods-NoteShareTests.release.xcconfig */,
				58E240EE037912B9ADB34B2E /* Pods-NoteShareUITests.debug.xcconfig */,
				99C649452EA63CED6E07AB13 /* Pods-NoteShareUITests.release.xcconfig */,
			);
			name = Pods;
			sourceTree = "<group>";
		};
		69478D0958BDD0DC43B7297E /* Frameworks */ = {
			isa = PBXGroup;
			children = (
				D2C5A034200D932E00A0BF3B /* CloudKit.framework */,
				E16B538A299AA30BF236CD59 /* Pods_NoteShare.framework */,
				E43DCAB160B1A76E4059E84F /* Pods_NoteShareTests.framework */,
				875604F4D2330742D16170E3 /* Pods_NoteShareUITests.framework */,
			);
			name = Frameworks;
			sourceTree = "<group>";
		};
		D210C96D1FF8020B006E638F /* HomePageView */ = {
			isa = PBXGroup;
			children = (
				D210C96F1FF802A0006E638F /* HomePageView.swift */,
				D210C96E1FF80217006E638F /* Subview */,
			);
			path = HomePageView;
			sourceTree = "<group>";
		};
		D210C96E1FF80217006E638F /* Subview */ = {
			isa = PBXGroup;
			children = (
				D2F4FDD81FBB49C200EDD593 /* HomePageCollectionViewCellRedundant.swift */,
				D210C9711FF805B5006E638F /* HomePageCollectionViewCell.swift */,
			);
			path = Subview;
			sourceTree = "<group>";
		};
		D210C97B1FF82F83006E638F /* AllCoursesView */ = {
			isa = PBXGroup;
			children = (
				D210C97E1FF8313C006E638F /* Subview */,
				D210C97C1FF82FC6006E638F /* AllCoursesView.swift */,
			);
			path = AllCoursesView;
			sourceTree = "<group>";
		};
		D210C97E1FF8313C006E638F /* Subview */ = {
			isa = PBXGroup;
			children = (
				D210C97F1FF8352B006E638F /* AllCoursesCollectionViewCell.swift */,
			);
			path = Subview;
			sourceTree = "<group>";
		};
		D210C9831FF855EA006E638F /* AllNotesView */ = {
			isa = PBXGroup;
			children = (
				D2126C441FF8575D001F57B8 /* Subiew */,
				D210C9841FF85608006E638F /* AllNotesView.swift */,
			);
			path = AllNotesView;
			sourceTree = "<group>";
		};
		D2126C441FF8575D001F57B8 /* Subiew */ = {
			isa = PBXGroup;
			children = (
				D2126C451FF85771001F57B8 /* AllNotesCollectionViewCell.swift */,
			);
			path = Subiew;
			sourceTree = "<group>";
		};
		D2126C4B1FF91C95001F57B8 /* NotesView */ = {
			isa = PBXGroup;
			children = (
				D2126C4C1FF91DF2001F57B8 /* NotesView.swift */,
				D2126C4E1FF91DF6001F57B8 /* Subview */,
			);
			path = NotesView;
			sourceTree = "<group>";
		};
		D2126C4E1FF91DF6001F57B8 /* Subview */ = {
			isa = PBXGroup;
			children = (
				D2126C4F1FF91E19001F57B8 /* CommentsCollectionViewCell.swift */,
				D2126C571FF95E7A001F57B8 /* NewCommentsCollectionViewCell.swift */,
				D2C44C79200A4B0C0080A2C0 /* SameUserCommentCollectionViewCell.swift */,
			);
			path = Subview;
			sourceTree = "<group>";
		};
		D2126C5B1FFA4BEF001F57B8 /* UploadNotesView */ = {
			isa = PBXGroup;
			children = (
				D2126C5C1FFA4C04001F57B8 /* UploadNotesView.swift */,
			);
			path = UploadNotesView;
			sourceTree = "<group>";
		};
		D23BD9E9200E7AE3004EE891 /* MyNotesMyCoursesCell */ = {
			isa = PBXGroup;
			children = (
				D23BD9EA200E7B07004EE891 /* MyNotesCollectionViewCell.swift */,
				D23BD9EC200E7B13004EE891 /* MyCoursesCollectionViewCell.swift */,
			);
			path = MyNotesMyCoursesCell;
			sourceTree = "<group>";
		};
		D23BD9EE200E8A86004EE891 /* MyCoursesNotesView */ = {
			isa = PBXGroup;
			children = (
			);
			path = MyCoursesNotesView;
			sourceTree = "<group>";
		};
		D25ED9ED20090DBF003870B4 /* SignUpView */ = {
			isa = PBXGroup;
			children = (
				D25ED9EE20090DD5003870B4 /* SignUpCollectionViewCell.swift */,
			);
			path = SignUpView;
			sourceTree = "<group>";
		};
		D27642041F82A95E009A9209 = {
			isa = PBXGroup;
			children = (
				D2F4FDC61FBA983400EDD593 /* Model */,
				D2F4FDC41FBA982100EDD593 /* Controller */,
				D2F4FDC11FBA980E00EDD593 /* View */,
				D2F4FDC71FBA984100EDD593 /* Subview */,
				D276420F1F82A95F009A9209 /* NoteShare */,
				D27642271F82A95F009A9209 /* NoteShareTests */,
				D27642321F82A95F009A9209 /* NoteShareUITests */,
				D276420E1F82A95F009A9209 /* Products */,
				070B862CE144CE3CF85121CA /* Pods */,
				69478D0958BDD0DC43B7297E /* Frameworks */,
			);
			sourceTree = "<group>";
		};
		D276420E1F82A95F009A9209 /* Products */ = {
			isa = PBXGroup;
			children = (
				D276420D1F82A95F009A9209 /* NoteShare.app */,
				D27642241F82A95F009A9209 /* NoteShareTests.xctest */,
				D276422F1F82A95F009A9209 /* NoteShareUITests.xctest */,
			);
			name = Products;
			sourceTree = "<group>";
		};
		D276420F1F82A95F009A9209 /* NoteShare */ = {
			isa = PBXGroup;
			children = (
				D239B45A20064B8900F433CA /* NoteShare.entitlements */,
				D27642101F82A95F009A9209 /* AppDelegate.swift */,
				D27642141F82A95F009A9209 /* Main.storyboard */,
				D276421A1F82A95F009A9209 /* Assets.xcassets */,
				D276421C1F82A95F009A9209 /* LaunchScreen.storyboard */,
				D276421F1F82A95F009A9209 /* Info.plist */,
				D27642171F82A95F009A9209 /* NoteShare.xcdatamodeld */,
				D27E42DB1F83236A00153302 /* InLineContact.swift */,
				D27E42DD1F84198D00153302 /* RegisterPage.swift */,
				D27E42DF1F8419BA00153302 /* LoginPage.swift */,
				D2F4FDD61FBB309D00EDD593 /* Constants.swift */,
				D29B27D31FF0A51A00575DCE /* NoteShare-Bridging-Header.h */,
				D2062C962001A83C000791BA /* GoogleService-Info.plist */,
				D284085D2008E49100761D89 /* AppDelegateExtensions.swift */,
			);
			path = NoteShare;
			sourceTree = "<group>";
		};
		D27642271F82A95F009A9209 /* NoteShareTests */ = {
			isa = PBXGroup;
			children = (
				D27642281F82A95F009A9209 /* NoteShareTests.swift */,
				D276422A1F82A95F009A9209 /* Info.plist */,
			);
			path = NoteShareTests;
			sourceTree = "<group>";
		};
		D27642321F82A95F009A9209 /* NoteShareUITests */ = {
			isa = PBXGroup;
			children = (
				D27642331F82A95F009A9209 /* NoteShareUITests.swift */,
				D27642351F82A95F009A9209 /* Info.plist */,
			);
			path = NoteShareUITests;
			sourceTree = "<group>";
		};
		D277EDBA200A5AA900AD1857 /* ProfileView */ = {
			isa = PBXGroup;
			children = (
				D277EDBB200A5AC300AD1857 /* ProfileTextAttributesCell.swift */,
				D277EDBD200A618C00AD1857 /* ProfileImageCell.swift */,
			);
			path = ProfileView;
			sourceTree = "<group>";
		};
		D29B27CD1FF09B6F00575DCE /* Subview */ = {
			isa = PBXGroup;
			children = (
				D29B27CE1FF09B8F00575DCE /* ImageCollectionViewCell.swift */,
				D2126C531FF94848001F57B8 /* FlexibleTextView.swift */,
			);
			path = Subview;
			sourceTree = "<group>";
		};
		D2CF3AA2200F715D00898675 /* Extensions */ = {
			isa = PBXGroup;
			children = (
				D2CF3AA3200F717000898675 /* HomePageControllerExtension.swift */,
			);
			path = Extensions;
			sourceTree = "<group>";
		};
		D2F4FDC11FBA980E00EDD593 /* View */ = {
			isa = PBXGroup;
			children = (
				D23BD9EE200E8A86004EE891 /* MyCoursesNotesView */,
				D23BD9E9200E7AE3004EE891 /* MyNotesMyCoursesCell */,
				D277EDBA200A5AA900AD1857 /* ProfileView */,
				D25ED9ED20090DBF003870B4 /* SignUpView */,
				D2126C5B1FFA4BEF001F57B8 /* UploadNotesView */,
				D2126C4B1FF91C95001F57B8 /* NotesView */,
				D210C9831FF855EA006E638F /* AllNotesView */,
				D210C97B1FF82F83006E638F /* AllCoursesView */,
				D210C96D1FF8020B006E638F /* HomePageView */,
				D2206EDB1FBBA274007D7B5A /* CourseView.swift */,
				D29B27C71FF0809A00575DCE /* UploadImageView.swift */,
			);
			path = View;
			sourceTree = "<group>";
		};
		D2F4FDC41FBA982100EDD593 /* Controller */ = {
			isa = PBXGroup;
			children = (
				D2CF3AA2200F715D00898675 /* Extensions */,
				D29B27CD1FF09B6F00575DCE /* Subview */,
				D2F4FDD41FBB2F5300EDD593 /* HomePageController.swift */,
				D2F4FDD21FBAB58300EDD593 /* CoursesController.swift */,
				D29B27C51FF0807100575DCE /* UploadImageController.swift */,
				D29B27CB1FF0995700575DCE /* AllImagesController.swift */,
				D210C9771FF8167C006E638F /* AllCoursesController.swift */,
				D210C9811FF855DA006E638F /* AllNotesController.swift */,
				D2126C511FF91E40001F57B8 /* NotesController.swift */,
				D2126C591FFA4BEB001F57B8 /* UploadNotesController.swift */,
				D2062C9A20038004000791BA /* SettingsController.swift */,
				D2062C9C20038012000791BA /* MyNotesController.swift */,
				D2062C9E2003801E000791BA /* MyCoursesController.swift */,
				D2FC016E2007B1DB00A1BA45 /* LoginController.swift */,
				D2FC01702007B1E600A1BA45 /* SignUpController.swift */,
				D25ED9F020092687003870B4 /* SignUpPasswordViewController.swift */,
				D277EDB8200A59B500AD1857 /* ProfileController.swift */,
				D23BD9EF200E8AA9004EE891 /* MyCoursesAllNotesController.swift */,
				D23BD9F1200E8E21004EE891 /* MyCoursesNotesController.swift */,
				D23BD9F3200E8E38004EE891 /* MyNotesNoteController.swift */,
			);
			path = Controller;
			sourceTree = "<group>";
		};
		D2F4FDC61FBA983400EDD593 /* Model */ = {
			isa = PBXGroup;
			children = (
				D210C9731FF8076A006E638F /* HomePage.swift */,
				D210C9791FF823AF006E638F /* Course.swift */,
				D2126C471FF85C76001F57B8 /* Note.swift */,
				D2126C491FF8748F001F57B8 /* DatabaseGetAdapter.swift */,
				D2126C551FF94FE9001F57B8 /* Comment.swift */,
				D2FC01722007BCF900A1BA45 /* FirebaseUser.swift */,
				D2FA8F0020081CFB0087FCF4 /* UniversalUser.swift */,
				D277EDBF200A686200AD1857 /* CurrentSessionUser.swift */,
			);
			path = Model;
			sourceTree = "<group>";
		};
		D2F4FDC71FBA984100EDD593 /* Subview */ = {
			isa = PBXGroup;
			children = (
				D2F4FDD01FBAB1E100EDD593 /* MenuScrollCell.swift */,
				D2F4FDCE1FBAB19C00EDD593 /* LeftMenu.swift */,
				D2F4FDCC1FBAAB6500EDD593 /* myCoursesCell.swift */,
			);
			path = Subview;
			sourceTree = "<group>";
		};
/* End PBXGroup section */

/* Begin PBXNativeTarget section */
		D276420C1F82A95E009A9209 /* NoteShare */ = {
			isa = PBXNativeTarget;
			buildConfigurationList = D27642381F82A95F009A9209 /* Build configuration list for PBXNativeTarget "NoteShare" */;
			buildPhases = (
				D32DC080F5D7D733516A260C /* [CP] Check Pods Manifest.lock */,
				D27642091F82A95E009A9209 /* Sources */,
				D276420A1F82A95E009A9209 /* Frameworks */,
				D276420B1F82A95E009A9209 /* Resources */,
				DF2B8F0863156C31103B2138 /* [CP] Embed Pods Frameworks */,
				46BB6291148A174907142384 /* [CP] Copy Pods Resources */,
			);
			buildRules = (
			);
			dependencies = (
			);
			name = NoteShare;
			productName = NoteShare;
			productReference = D276420D1F82A95F009A9209 /* NoteShare.app */;
			productType = "com.apple.product-type.application";
		};
		D27642231F82A95F009A9209 /* NoteShareTests */ = {
			isa = PBXNativeTarget;
			buildConfigurationList = D276423B1F82A95F009A9209 /* Build configuration list for PBXNativeTarget "NoteShareTests" */;
			buildPhases = (
				76784579CA9DDFC2857E6352 /* [CP] Check Pods Manifest.lock */,
				D27642201F82A95F009A9209 /* Sources */,
				D27642211F82A95F009A9209 /* Frameworks */,
				D27642221F82A95F009A9209 /* Resources */,
				B0EF9DCD559D721A8E5BB9A4 /* [CP] Embed Pods Frameworks */,
				C79346CC9E62B272697F35B1 /* [CP] Copy Pods Resources */,
			);
			buildRules = (
			);
			dependencies = (
				D27642261F82A95F009A9209 /* PBXTargetDependency */,
			);
			name = NoteShareTests;
			productName = NoteShareTests;
			productReference = D27642241F82A95F009A9209 /* NoteShareTests.xctest */;
			productType = "com.apple.product-type.bundle.unit-test";
		};
		D276422E1F82A95F009A9209 /* NoteShareUITests */ = {
			isa = PBXNativeTarget;
			buildConfigurationList = D276423E1F82A95F009A9209 /* Build configuration list for PBXNativeTarget "NoteShareUITests" */;
			buildPhases = (
				3C4220EF9CC69BEAF2AFA923 /* [CP] Check Pods Manifest.lock */,
				D276422B1F82A95F009A9209 /* Sources */,
				D276422C1F82A95F009A9209 /* Frameworks */,
				D276422D1F82A95F009A9209 /* Resources */,
				D75C747A6D03AC752A64CC9A /* [CP] Embed Pods Frameworks */,
				3FB1B2151511B14166117996 /* [CP] Copy Pods Resources */,
			);
			buildRules = (
			);
			dependencies = (
				D27642311F82A95F009A9209 /* PBXTargetDependency */,
			);
			name = NoteShareUITests;
			productName = NoteShareUITests;
			productReference = D276422F1F82A95F009A9209 /* NoteShareUITests.xctest */;
			productType = "com.apple.product-type.bundle.ui-testing";
		};
/* End PBXNativeTarget section */

/* Begin PBXProject section */
		D27642051F82A95E009A9209 /* Project object */ = {
			isa = PBXProject;
			attributes = {
				LastSwiftUpdateCheck = 0830;
				LastUpgradeCheck = 0920;
				ORGANIZATIONNAME = "Prato Das";
				TargetAttributes = {
					D276420C1F82A95E009A9209 = {
						CreatedOnToolsVersion = 8.3.3;
						DevelopmentTeam = B4K37TQC3B;
						LastSwiftMigration = 0920;
						ProvisioningStyle = Automatic;
						SystemCapabilities = {
							com.apple.BackgroundModes = {
								enabled = 1;
							};
							com.apple.Push = {
								enabled = 1;
							};
							com.apple.iCloud = {
								enabled = 1;
							};
						};
					};
					D27642231F82A95F009A9209 = {
						CreatedOnToolsVersion = 8.3.3;
						DevelopmentTeam = LQD4PRHBSM;
						LastSwiftMigration = 0920;
						ProvisioningStyle = Automatic;
						TestTargetID = D276420C1F82A95E009A9209;
					};
					D276422E1F82A95F009A9209 = {
						CreatedOnToolsVersion = 8.3.3;
						DevelopmentTeam = LQD4PRHBSM;
						LastSwiftMigration = 0920;
						ProvisioningStyle = Automatic;
						TestTargetID = D276420C1F82A95E009A9209;
					};
				};
			};
			buildConfigurationList = D27642081F82A95E009A9209 /* Build configuration list for PBXProject "NoteShare" */;
			compatibilityVersion = "Xcode 3.2";
			developmentRegion = English;
			hasScannedForEncodings = 0;
			knownRegions = (
				en,
				Base,
			);
			mainGroup = D27642041F82A95E009A9209;
			productRefGroup = D276420E1F82A95F009A9209 /* Products */;
			projectDirPath = "";
			projectRoot = "";
			targets = (
				D276420C1F82A95E009A9209 /* NoteShare */,
				D27642231F82A95F009A9209 /* NoteShareTests */,
				D276422E1F82A95F009A9209 /* NoteShareUITests */,
			);
		};
/* End PBXProject section */

/* Begin PBXResourcesBuildPhase section */
		D276420B1F82A95E009A9209 /* Resources */ = {
			isa = PBXResourcesBuildPhase;
			buildActionMask = 2147483647;
			files = (
				D276421E1F82A95F009A9209 /* LaunchScreen.storyboard in Resources */,
				D2062C972001A83C000791BA /* GoogleService-Info.plist in Resources */,
				D276421B1F82A95F009A9209 /* Assets.xcassets in Resources */,
				D27642161F82A95F009A9209 /* Main.storyboard in Resources */,
			);
			runOnlyForDeploymentPostprocessing = 0;
		};
		D27642221F82A95F009A9209 /* Resources */ = {
			isa = PBXResourcesBuildPhase;
			buildActionMask = 2147483647;
			files = (
			);
			runOnlyForDeploymentPostprocessing = 0;
		};
		D276422D1F82A95F009A9209 /* Resources */ = {
			isa = PBXResourcesBuildPhase;
			buildActionMask = 2147483647;
			files = (
			);
			runOnlyForDeploymentPostprocessing = 0;
		};
/* End PBXResourcesBuildPhase section */

/* Begin PBXShellScriptBuildPhase section */
		3C4220EF9CC69BEAF2AFA923 /* [CP] Check Pods Manifest.lock */ = {
			isa = PBXShellScriptBuildPhase;
			buildActionMask = 2147483647;
			files = (
			);
			inputPaths = (
				"${PODS_PODFILE_DIR_PATH}/Podfile.lock",
				"${PODS_ROOT}/Manifest.lock",
			);
			name = "[CP] Check Pods Manifest.lock";
			outputPaths = (
				"$(DERIVED_FILE_DIR)/Pods-NoteShareUITests-checkManifestLockResult.txt",
			);
			runOnlyForDeploymentPostprocessing = 0;
			shellPath = /bin/sh;
			shellScript = "diff \"${PODS_PODFILE_DIR_PATH}/Podfile.lock\" \"${PODS_ROOT}/Manifest.lock\" > /dev/null\nif [ $? != 0 ] ; then\n    # print error to STDERR\n    echo \"error: The sandbox is not in sync with the Podfile.lock. Run 'pod install' or update your CocoaPods installation.\" >&2\n    exit 1\nfi\n# This output is used by Xcode 'outputs' to avoid re-running this script phase.\necho \"SUCCESS\" > \"${SCRIPT_OUTPUT_FILE_0}\"\n";
			showEnvVarsInLog = 0;
		};
		3FB1B2151511B14166117996 /* [CP] Copy Pods Resources */ = {
			isa = PBXShellScriptBuildPhase;
			buildActionMask = 2147483647;
			files = (
			);
			inputPaths = (
			);
			name = "[CP] Copy Pods Resources";
			outputPaths = (
			);
			runOnlyForDeploymentPostprocessing = 0;
			shellPath = /bin/sh;
			shellScript = "\"${SRCROOT}/Pods/Target Support Files/Pods-NoteShareUITests/Pods-NoteShareUITests-resources.sh\"\n";
			showEnvVarsInLog = 0;
		};
		46BB6291148A174907142384 /* [CP] Copy Pods Resources */ = {
			isa = PBXShellScriptBuildPhase;
			buildActionMask = 2147483647;
			files = (
			);
			inputPaths = (
				"${SRCROOT}/Pods/Target Support Files/Pods-NoteShare/Pods-NoteShare-resources.sh",
				"${PODS_ROOT}/GoogleSignIn/Resources/GoogleSignIn.bundle",
				"${PODS_ROOT}/TwitterKit/iOS/TwitterKit.framework/TwitterKitResources.bundle",
				"${PODS_ROOT}/TwitterKit/iOS/TwitterKit.framework/TwitterShareExtensionUIResources.bundle",
			);
			name = "[CP] Copy Pods Resources";
			outputPaths = (
				"${TARGET_BUILD_DIR}/${UNLOCALIZED_RESOURCES_FOLDER_PATH}",
			);
			runOnlyForDeploymentPostprocessing = 0;
			shellPath = /bin/sh;
			shellScript = "\"${SRCROOT}/Pods/Target Support Files/Pods-NoteShare/Pods-NoteShare-resources.sh\"\n";
			showEnvVarsInLog = 0;
		};
		76784579CA9DDFC2857E6352 /* [CP] Check Pods Manifest.lock */ = {
			isa = PBXShellScriptBuildPhase;
			buildActionMask = 2147483647;
			files = (
			);
			inputPaths = (
				"${PODS_PODFILE_DIR_PATH}/Podfile.lock",
				"${PODS_ROOT}/Manifest.lock",
			);
			name = "[CP] Check Pods Manifest.lock";
			outputPaths = (
				"$(DERIVED_FILE_DIR)/Pods-NoteShareTests-checkManifestLockResult.txt",
			);
			runOnlyForDeploymentPostprocessing = 0;
			shellPath = /bin/sh;
			shellScript = "diff \"${PODS_PODFILE_DIR_PATH}/Podfile.lock\" \"${PODS_ROOT}/Manifest.lock\" > /dev/null\nif [ $? != 0 ] ; then\n    # print error to STDERR\n    echo \"error: The sandbox is not in sync with the Podfile.lock. Run 'pod install' or update your CocoaPods installation.\" >&2\n    exit 1\nfi\n# This output is used by Xcode 'outputs' to avoid re-running this script phase.\necho \"SUCCESS\" > \"${SCRIPT_OUTPUT_FILE_0}\"\n";
			showEnvVarsInLog = 0;
		};
		B0EF9DCD559D721A8E5BB9A4 /* [CP] Embed Pods Frameworks */ = {
			isa = PBXShellScriptBuildPhase;
			buildActionMask = 2147483647;
			files = (
			);
			inputPaths = (
				"${SRCROOT}/Pods/Target Support Files/Pods-NoteShareTests/Pods-NoteShareTests-frameworks.sh",
				"${BUILT_PRODUCTS_DIR}/GTMSessionFetcher.default-Core/GTMSessionFetcher.framework",
				"${BUILT_PRODUCTS_DIR}/GoogleToolboxForMac-7139d1f3/GoogleToolboxForMac.framework",
				"${BUILT_PRODUCTS_DIR}/GTMOAuth2/GTMOAuth2.framework",
			);
			name = "[CP] Embed Pods Frameworks";
			outputPaths = (
				"${TARGET_BUILD_DIR}/${FRAMEWORKS_FOLDER_PATH}/GTMSessionFetcher.framework",
				"${TARGET_BUILD_DIR}/${FRAMEWORKS_FOLDER_PATH}/GoogleToolboxForMac.framework",
				"${TARGET_BUILD_DIR}/${FRAMEWORKS_FOLDER_PATH}/GTMOAuth2.framework",
			);
			runOnlyForDeploymentPostprocessing = 0;
			shellPath = /bin/sh;
			shellScript = "\"${SRCROOT}/Pods/Target Support Files/Pods-NoteShareTests/Pods-NoteShareTests-frameworks.sh\"\n";
			showEnvVarsInLog = 0;
		};
		C79346CC9E62B272697F35B1 /* [CP] Copy Pods Resources */ = {
			isa = PBXShellScriptBuildPhase;
			buildActionMask = 2147483647;
			files = (
			);
			inputPaths = (
				"${SRCROOT}/Pods/Target Support Files/Pods-NoteShareTests/Pods-NoteShareTests-resources.sh",
				"${PODS_ROOT}/GoogleSignIn/Resources/GoogleSignIn.bundle",
			);
			name = "[CP] Copy Pods Resources";
			outputPaths = (
				"${TARGET_BUILD_DIR}/${UNLOCALIZED_RESOURCES_FOLDER_PATH}",
			);
			runOnlyForDeploymentPostprocessing = 0;
			shellPath = /bin/sh;
			shellScript = "\"${SRCROOT}/Pods/Target Support Files/Pods-NoteShareTests/Pods-NoteShareTests-resources.sh\"\n";
			showEnvVarsInLog = 0;
		};
		D32DC080F5D7D733516A260C /* [CP] Check Pods Manifest.lock */ = {
			isa = PBXShellScriptBuildPhase;
			buildActionMask = 2147483647;
			files = (
			);
			inputPaths = (
				"${PODS_PODFILE_DIR_PATH}/Podfile.lock",
				"${PODS_ROOT}/Manifest.lock",
			);
			name = "[CP] Check Pods Manifest.lock";
			outputPaths = (
				"$(DERIVED_FILE_DIR)/Pods-NoteShare-checkManifestLockResult.txt",
			);
			runOnlyForDeploymentPostprocessing = 0;
			shellPath = /bin/sh;
			shellScript = "diff \"${PODS_PODFILE_DIR_PATH}/Podfile.lock\" \"${PODS_ROOT}/Manifest.lock\" > /dev/null\nif [ $? != 0 ] ; then\n    # print error to STDERR\n    echo \"error: The sandbox is not in sync with the Podfile.lock. Run 'pod install' or update your CocoaPods installation.\" >&2\n    exit 1\nfi\n# This output is used by Xcode 'outputs' to avoid re-running this script phase.\necho \"SUCCESS\" > \"${SCRIPT_OUTPUT_FILE_0}\"\n";
			showEnvVarsInLog = 0;
		};
		D75C747A6D03AC752A64CC9A /* [CP] Embed Pods Frameworks */ = {
			isa = PBXShellScriptBuildPhase;
			buildActionMask = 2147483647;
			files = (
			);
			inputPaths = (
			);
			name = "[CP] Embed Pods Frameworks";
			outputPaths = (
			);
			runOnlyForDeploymentPostprocessing = 0;
			shellPath = /bin/sh;
			shellScript = "\"${SRCROOT}/Pods/Target Support Files/Pods-NoteShareUITests/Pods-NoteShareUITests-frameworks.sh\"\n";
			showEnvVarsInLog = 0;
		};
		DF2B8F0863156C31103B2138 /* [CP] Embed Pods Frameworks */ = {
			isa = PBXShellScriptBuildPhase;
			buildActionMask = 2147483647;
			files = (
			);
			inputPaths = (
				"${SRCROOT}/Pods/Target Support Files/Pods-NoteShare/Pods-NoteShare-frameworks.sh",
				"${BUILT_PRODUCTS_DIR}/Bolts/Bolts.framework",
				"${BUILT_PRODUCTS_DIR}/BoringSSL/openssl.framework",
				"${BUILT_PRODUCTS_DIR}/FBSDKCoreKit/FBSDKCoreKit.framework",
				"${BUILT_PRODUCTS_DIR}/FBSDKLoginKit/FBSDKLoginKit.framework",
				"${BUILT_PRODUCTS_DIR}/FBSDKShareKit/FBSDKShareKit.framework",
				"${BUILT_PRODUCTS_DIR}/GTMOAuth2/GTMOAuth2.framework",
				"${BUILT_PRODUCTS_DIR}/GTMSessionFetcher/GTMSessionFetcher.framework",
				"${BUILT_PRODUCTS_DIR}/GoogleToolboxForMac/GoogleToolboxForMac.framework",
				"${BUILT_PRODUCTS_DIR}/ImagePicker/ImagePicker.framework",
				"${BUILT_PRODUCTS_DIR}/M13PDFKit/M13PDFKit.framework",
				"${BUILT_PRODUCTS_DIR}/NWPusher/NWPusher.framework",
				"${BUILT_PRODUCTS_DIR}/Protobuf/Protobuf.framework",
				"${BUILT_PRODUCTS_DIR}/SDWebImage/SDWebImage.framework",
				"${BUILT_PRODUCTS_DIR}/TTOpenInAppActivity/TTOpenInAppActivity.framework",
				"${BUILT_PRODUCTS_DIR}/gRPC/GRPCClient.framework",
				"${BUILT_PRODUCTS_DIR}/gRPC-Core/grpc.framework",
				"${BUILT_PRODUCTS_DIR}/gRPC-ProtoRPC/ProtoRPC.framework",
				"${BUILT_PRODUCTS_DIR}/gRPC-RxLibrary/RxLibrary.framework",
				"${BUILT_PRODUCTS_DIR}/leveldb-library/leveldb.framework",
				"${BUILT_PRODUCTS_DIR}/nanopb/nanopb.framework",
			);
			name = "[CP] Embed Pods Frameworks";
			outputPaths = (
				"${TARGET_BUILD_DIR}/${FRAMEWORKS_FOLDER_PATH}/Bolts.framework",
				"${TARGET_BUILD_DIR}/${FRAMEWORKS_FOLDER_PATH}/openssl.framework",
				"${TARGET_BUILD_DIR}/${FRAMEWORKS_FOLDER_PATH}/FBSDKCoreKit.framework",
				"${TARGET_BUILD_DIR}/${FRAMEWORKS_FOLDER_PATH}/FBSDKLoginKit.framework",
				"${TARGET_BUILD_DIR}/${FRAMEWORKS_FOLDER_PATH}/FBSDKShareKit.framework",
				"${TARGET_BUILD_DIR}/${FRAMEWORKS_FOLDER_PATH}/GTMOAuth2.framework",
				"${TARGET_BUILD_DIR}/${FRAMEWORKS_FOLDER_PATH}/GTMSessionFetcher.framework",
				"${TARGET_BUILD_DIR}/${FRAMEWORKS_FOLDER_PATH}/GoogleToolboxForMac.framework",
				"${TARGET_BUILD_DIR}/${FRAMEWORKS_FOLDER_PATH}/ImagePicker.framework",
				"${TARGET_BUILD_DIR}/${FRAMEWORKS_FOLDER_PATH}/M13PDFKit.framework",
				"${TARGET_BUILD_DIR}/${FRAMEWORKS_FOLDER_PATH}/NWPusher.framework",
				"${TARGET_BUILD_DIR}/${FRAMEWORKS_FOLDER_PATH}/Protobuf.framework",
				"${TARGET_BUILD_DIR}/${FRAMEWORKS_FOLDER_PATH}/SDWebImage.framework",
				"${TARGET_BUILD_DIR}/${FRAMEWORKS_FOLDER_PATH}/TTOpenInAppActivity.framework",
				"${TARGET_BUILD_DIR}/${FRAMEWORKS_FOLDER_PATH}/GRPCClient.framework",
				"${TARGET_BUILD_DIR}/${FRAMEWORKS_FOLDER_PATH}/grpc.framework",
				"${TARGET_BUILD_DIR}/${FRAMEWORKS_FOLDER_PATH}/ProtoRPC.framework",
				"${TARGET_BUILD_DIR}/${FRAMEWORKS_FOLDER_PATH}/RxLibrary.framework",
				"${TARGET_BUILD_DIR}/${FRAMEWORKS_FOLDER_PATH}/leveldb.framework",
				"${TARGET_BUILD_DIR}/${FRAMEWORKS_FOLDER_PATH}/nanopb.framework",
			);
			runOnlyForDeploymentPostprocessing = 0;
			shellPath = /bin/sh;
			shellScript = "\"${SRCROOT}/Pods/Target Support Files/Pods-NoteShare/Pods-NoteShare-frameworks.sh\"\n";
			showEnvVarsInLog = 0;
		};
/* End PBXShellScriptBuildPhase section */

/* Begin PBXSourcesBuildPhase section */
		D27642091F82A95E009A9209 /* Sources */ = {
			isa = PBXSourcesBuildPhase;
			buildActionMask = 2147483647;
			files = (
				D23BD9F2200E8E21004EE891 /* MyCoursesNotesController.swift in Sources */,
				D2F4FDCD1FBAAB6500EDD593 /* myCoursesCell.swift in Sources */,
				D2206EDC1FBBA275007D7B5A /* CourseView.swift in Sources */,
				D2126C541FF94848001F57B8 /* FlexibleTextView.swift in Sources */,
				D2126C4D1FF91DF2001F57B8 /* NotesView.swift in Sources */,
				D27E42DC1F83236A00153302 /* InLineContact.swift in Sources */,
				D2126C561FF94FE9001F57B8 /* Comment.swift in Sources */,
				D29B27C81FF0809A00575DCE /* UploadImageView.swift in Sources */,
				D27642191F82A95F009A9209 /* NoteShare.xcdatamodeld in Sources */,
				D284085E2008E49100761D89 /* AppDelegateExtensions.swift in Sources */,
				D2F4FDD11FBAB1E100EDD593 /* MenuScrollCell.swift in Sources */,
				D29B27CF1FF09B8F00575DCE /* ImageCollectionViewCell.swift in Sources */,
				D277EDBE200A618C00AD1857 /* ProfileImageCell.swift in Sources */,
				D2062C9F2003801E000791BA /* MyCoursesController.swift in Sources */,
				D2126C581FF95E7A001F57B8 /* NewCommentsCollectionViewCell.swift in Sources */,
				D2F4FDD91FBB49C200EDD593 /* HomePageCollectionViewCellRedundant.swift in Sources */,
				D2126C4A1FF8748F001F57B8 /* DatabaseGetAdapter.swift in Sources */,
				D2062C9D20038012000791BA /* MyNotesController.swift in Sources */,
				D277EDC0200A686200AD1857 /* CurrentSessionUser.swift in Sources */,
				D27E42DE1F84198D00153302 /* RegisterPage.swift in Sources */,
				D27E42E01F8419BA00153302 /* LoginPage.swift in Sources */,
				D2F4FDCF1FBAB19C00EDD593 /* LeftMenu.swift in Sources */,
				D2F4FDD31FBAB58300EDD593 /* CoursesController.swift in Sources */,
				D210C97D1FF82FC6006E638F /* AllCoursesView.swift in Sources */,
				D210C97A1FF823AF006E638F /* Course.swift in Sources */,
				D27642111F82A95F009A9209 /* AppDelegate.swift in Sources */,
				D2C44C7A200A4B0C0080A2C0 /* SameUserCommentCollectionViewCell.swift in Sources */,
				D210C9701FF802A0006E638F /* HomePageView.swift in Sources */,
				D2FC01712007B1E600A1BA45 /* SignUpController.swift in Sources */,
				D29B27CC1FF0995700575DCE /* AllImagesController.swift in Sources */,
				D210C9821FF855DA006E638F /* AllNotesController.swift in Sources */,
				D2126C5D1FFA4C04001F57B8 /* UploadNotesView.swift in Sources */,
				D210C9741FF8076A006E638F /* HomePage.swift in Sources */,
				D25ED9F120092687003870B4 /* SignUpPasswordViewController.swift in Sources */,
				D23BD9ED200E7B13004EE891 /* MyCoursesCollectionViewCell.swift in Sources */,
				D210C9781FF8167C006E638F /* AllCoursesController.swift in Sources */,
				D29B27C61FF0807100575DCE /* UploadImageController.swift in Sources */,
				D277EDBC200A5AC300AD1857 /* ProfileTextAttributesCell.swift in Sources */,
				D2FA8F0120081CFB0087FCF4 /* UniversalUser.swift in Sources */,
				D2126C461FF85771001F57B8 /* AllNotesCollectionViewCell.swift in Sources */,
				D277EDB9200A59B500AD1857 /* ProfileController.swift in Sources */,
				D2F4FDD51FBB2F5300EDD593 /* HomePageController.swift in Sources */,
				D2126C501FF91E19001F57B8 /* CommentsCollectionViewCell.swift in Sources */,
				D23BD9F4200E8E38004EE891 /* MyNotesNoteController.swift in Sources */,
				D23BD9EB200E7B07004EE891 /* MyNotesCollectionViewCell.swift in Sources */,
				D2126C481FF85C76001F57B8 /* Note.swift in Sources */,
				D25ED9EF20090DD5003870B4 /* SignUpCollectionViewCell.swift in Sources */,
				D210C9851FF85608006E638F /* AllNotesView.swift in Sources */,
				D2FC016F2007B1DB00A1BA45 /* LoginController.swift in Sources */,
				D2CF3AA4200F717000898675 /* HomePageControllerExtension.swift in Sources */,
				D210C9801FF8352B006E638F /* AllCoursesCollectionViewCell.swift in Sources */,
				D2126C5A1FFA4BEB001F57B8 /* UploadNotesController.swift in Sources */,
				D2062C9B20038004000791BA /* SettingsController.swift in Sources */,
				D2126C521FF91E40001F57B8 /* NotesController.swift in Sources */,
				D210C9721FF805B5006E638F /* HomePageCollectionViewCell.swift in Sources */,
				D2F4FDD71FBB309D00EDD593 /* Constants.swift in Sources */,
				D2FC01732007BCF900A1BA45 /* FirebaseUser.swift in Sources */,
				D23BD9F0200E8AA9004EE891 /* MyCoursesAllNotesController.swift in Sources */,
			);
			runOnlyForDeploymentPostprocessing = 0;
		};
		D27642201F82A95F009A9209 /* Sources */ = {
			isa = PBXSourcesBuildPhase;
			buildActionMask = 2147483647;
			files = (
				D27642291F82A95F009A9209 /* NoteShareTests.swift in Sources */,
			);
			runOnlyForDeploymentPostprocessing = 0;
		};
		D276422B1F82A95F009A9209 /* Sources */ = {
			isa = PBXSourcesBuildPhase;
			buildActionMask = 2147483647;
			files = (
				D27642341F82A95F009A9209 /* NoteShareUITests.swift in Sources */,
			);
			runOnlyForDeploymentPostprocessing = 0;
		};
/* End PBXSourcesBuildPhase section */

/* Begin PBXTargetDependency section */
		D27642261F82A95F009A9209 /* PBXTargetDependency */ = {
			isa = PBXTargetDependency;
			target = D276420C1F82A95E009A9209 /* NoteShare */;
			targetProxy = D27642251F82A95F009A9209 /* PBXContainerItemProxy */;
		};
		D27642311F82A95F009A9209 /* PBXTargetDependency */ = {
			isa = PBXTargetDependency;
			target = D276420C1F82A95E009A9209 /* NoteShare */;
			targetProxy = D27642301F82A95F009A9209 /* PBXContainerItemProxy */;
		};
/* End PBXTargetDependency section */

/* Begin PBXVariantGroup section */
		D27642141F82A95F009A9209 /* Main.storyboard */ = {
			isa = PBXVariantGroup;
			children = (
				D27642151F82A95F009A9209 /* Base */,
			);
			name = Main.storyboard;
			sourceTree = "<group>";
		};
		D276421C1F82A95F009A9209 /* LaunchScreen.storyboard */ = {
			isa = PBXVariantGroup;
			children = (
				D276421D1F82A95F009A9209 /* Base */,
			);
			name = LaunchScreen.storyboard;
			sourceTree = "<group>";
		};
/* End PBXVariantGroup section */

/* Begin XCBuildConfiguration section */
		D27642361F82A95F009A9209 /* Debug */ = {
			isa = XCBuildConfiguration;
			buildSettings = {
				ALWAYS_SEARCH_USER_PATHS = NO;
				CLANG_ANALYZER_NONNULL = YES;
				CLANG_ANALYZER_NUMBER_OBJECT_CONVERSION = YES_AGGRESSIVE;
				CLANG_CXX_LANGUAGE_STANDARD = "gnu++0x";
				CLANG_CXX_LIBRARY = "libc++";
				CLANG_ENABLE_MODULES = YES;
				CLANG_ENABLE_OBJC_ARC = YES;
				CLANG_WARN_BLOCK_CAPTURE_AUTORELEASING = YES;
				CLANG_WARN_BOOL_CONVERSION = YES;
				CLANG_WARN_COMMA = YES;
				CLANG_WARN_CONSTANT_CONVERSION = YES;
				CLANG_WARN_DIRECT_OBJC_ISA_USAGE = YES_ERROR;
				CLANG_WARN_DOCUMENTATION_COMMENTS = YES;
				CLANG_WARN_EMPTY_BODY = YES;
				CLANG_WARN_ENUM_CONVERSION = YES;
				CLANG_WARN_INFINITE_RECURSION = YES;
				CLANG_WARN_INT_CONVERSION = YES;
				CLANG_WARN_NON_LITERAL_NULL_CONVERSION = YES;
				CLANG_WARN_OBJC_LITERAL_CONVERSION = YES;
				CLANG_WARN_OBJC_ROOT_CLASS = YES_ERROR;
				CLANG_WARN_RANGE_LOOP_ANALYSIS = YES;
				CLANG_WARN_STRICT_PROTOTYPES = YES;
				CLANG_WARN_SUSPICIOUS_MOVE = YES;
				CLANG_WARN_UNREACHABLE_CODE = YES;
				CLANG_WARN__DUPLICATE_METHOD_MATCH = YES;
				"CODE_SIGN_IDENTITY[sdk=iphoneos*]" = "iPhone Developer";
				COPY_PHASE_STRIP = NO;
				DEBUG_INFORMATION_FORMAT = dwarf;
				ENABLE_STRICT_OBJC_MSGSEND = YES;
				ENABLE_TESTABILITY = YES;
				GCC_C_LANGUAGE_STANDARD = gnu99;
				GCC_DYNAMIC_NO_PIC = NO;
				GCC_NO_COMMON_BLOCKS = YES;
				GCC_OPTIMIZATION_LEVEL = 0;
				GCC_PREPROCESSOR_DEFINITIONS = (
					"DEBUG=1",
					"$(inherited)",
				);
				GCC_WARN_64_TO_32_BIT_CONVERSION = YES;
				GCC_WARN_ABOUT_RETURN_TYPE = YES_ERROR;
				GCC_WARN_UNDECLARED_SELECTOR = YES;
				GCC_WARN_UNINITIALIZED_AUTOS = YES_AGGRESSIVE;
				GCC_WARN_UNUSED_FUNCTION = YES;
				GCC_WARN_UNUSED_VARIABLE = YES;
				IPHONEOS_DEPLOYMENT_TARGET = 11.2;
				MTL_ENABLE_DEBUG_INFO = YES;
				ONLY_ACTIVE_ARCH = YES;
				SDKROOT = iphoneos;
				SWIFT_ACTIVE_COMPILATION_CONDITIONS = DEBUG;
				SWIFT_OPTIMIZATION_LEVEL = "-Onone";
				TARGETED_DEVICE_FAMILY = "1,2";
			};
			name = Debug;
		};
		D27642371F82A95F009A9209 /* Release */ = {
			isa = XCBuildConfiguration;
			buildSettings = {
				ALWAYS_SEARCH_USER_PATHS = NO;
				CLANG_ANALYZER_NONNULL = YES;
				CLANG_ANALYZER_NUMBER_OBJECT_CONVERSION = YES_AGGRESSIVE;
				CLANG_CXX_LANGUAGE_STANDARD = "gnu++0x";
				CLANG_CXX_LIBRARY = "libc++";
				CLANG_ENABLE_MODULES = YES;
				CLANG_ENABLE_OBJC_ARC = YES;
				CLANG_WARN_BLOCK_CAPTURE_AUTORELEASING = YES;
				CLANG_WARN_BOOL_CONVERSION = YES;
				CLANG_WARN_COMMA = YES;
				CLANG_WARN_CONSTANT_CONVERSION = YES;
				CLANG_WARN_DIRECT_OBJC_ISA_USAGE = YES_ERROR;
				CLANG_WARN_DOCUMENTATION_COMMENTS = YES;
				CLANG_WARN_EMPTY_BODY = YES;
				CLANG_WARN_ENUM_CONVERSION = YES;
				CLANG_WARN_INFINITE_RECURSION = YES;
				CLANG_WARN_INT_CONVERSION = YES;
				CLANG_WARN_NON_LITERAL_NULL_CONVERSION = YES;
				CLANG_WARN_OBJC_LITERAL_CONVERSION = YES;
				CLANG_WARN_OBJC_ROOT_CLASS = YES_ERROR;
				CLANG_WARN_RANGE_LOOP_ANALYSIS = YES;
				CLANG_WARN_STRICT_PROTOTYPES = YES;
				CLANG_WARN_SUSPICIOUS_MOVE = YES;
				CLANG_WARN_UNREACHABLE_CODE = YES;
				CLANG_WARN__DUPLICATE_METHOD_MATCH = YES;
				"CODE_SIGN_IDENTITY[sdk=iphoneos*]" = "iPhone Developer";
				COPY_PHASE_STRIP = NO;
				DEBUG_INFORMATION_FORMAT = "dwarf-with-dsym";
				ENABLE_NS_ASSERTIONS = NO;
				ENABLE_STRICT_OBJC_MSGSEND = YES;
				GCC_C_LANGUAGE_STANDARD = gnu99;
				GCC_NO_COMMON_BLOCKS = YES;
				GCC_WARN_64_TO_32_BIT_CONVERSION = YES;
				GCC_WARN_ABOUT_RETURN_TYPE = YES_ERROR;
				GCC_WARN_UNDECLARED_SELECTOR = YES;
				GCC_WARN_UNINITIALIZED_AUTOS = YES_AGGRESSIVE;
				GCC_WARN_UNUSED_FUNCTION = YES;
				GCC_WARN_UNUSED_VARIABLE = YES;
				IPHONEOS_DEPLOYMENT_TARGET = 11.2;
				MTL_ENABLE_DEBUG_INFO = NO;
				SDKROOT = iphoneos;
				SWIFT_OPTIMIZATION_LEVEL = "-Owholemodule";
				TARGETED_DEVICE_FAMILY = "1,2";
				VALIDATE_PRODUCT = YES;
			};
			name = Release;
		};
		D27642391F82A95F009A9209 /* Debug */ = {
			isa = XCBuildConfiguration;
			baseConfigurationReference = 034E410E7B1689D34953C91E /* Pods-NoteShare.debug.xcconfig */;
			buildSettings = {
				ASSETCATALOG_COMPILER_APPICON_NAME = AppIcon;
				CLANG_ENABLE_MODULES = YES;
				CODE_SIGN_ENTITLEMENTS = NoteShare/NoteShare.entitlements;
				DEVELOPMENT_TEAM = B4K37TQC3B;
				INFOPLIST_FILE = NoteShare/Info.plist;
				IPHONEOS_DEPLOYMENT_TARGET = 11.0;
				LD_RUNPATH_SEARCH_PATHS = "$(inherited) @executable_path/Frameworks";
				PRODUCT_BUNDLE_IDENTIFIER = com.das.UofTDevs.NoteShare;
				PRODUCT_NAME = "$(TARGET_NAME)";
				SWIFT_OBJC_BRIDGING_HEADER = "NoteShare/NoteShare-Bridging-Header.h";
				SWIFT_OPTIMIZATION_LEVEL = "-Onone";
				SWIFT_VERSION = 4.0;
			};
			name = Debug;
		};
		D276423A1F82A95F009A9209 /* Release */ = {
			isa = XCBuildConfiguration;
			baseConfigurationReference = D8A94632DEA9121F2317CF76 /* Pods-NoteShare.release.xcconfig */;
			buildSettings = {
				ASSETCATALOG_COMPILER_APPICON_NAME = AppIcon;
				CLANG_ENABLE_MODULES = YES;
				CODE_SIGN_ENTITLEMENTS = NoteShare/NoteShare.entitlements;
				DEVELOPMENT_TEAM = B4K37TQC3B;
				INFOPLIST_FILE = NoteShare/Info.plist;
				IPHONEOS_DEPLOYMENT_TARGET = 11.0;
				LD_RUNPATH_SEARCH_PATHS = "$(inherited) @executable_path/Frameworks";
				PRODUCT_BUNDLE_IDENTIFIER = com.das.UofTDevs.NoteShare;
				PRODUCT_NAME = "$(TARGET_NAME)";
				SWIFT_OBJC_BRIDGING_HEADER = "NoteShare/NoteShare-Bridging-Header.h";
				SWIFT_VERSION = 4.0;
			};
			name = Release;
		};
		D276423C1F82A95F009A9209 /* Debug */ = {
			isa = XCBuildConfiguration;
			baseConfigurationReference = 2E007F526B5450E19EAF6141 /* Pods-NoteShareTests.debug.xcconfig */;
			buildSettings = {
				ALWAYS_EMBED_SWIFT_STANDARD_LIBRARIES = YES;
				BUNDLE_LOADER = "$(TEST_HOST)";
				DEVELOPMENT_TEAM = LQD4PRHBSM;
				INFOPLIST_FILE = NoteShareTests/Info.plist;
				LD_RUNPATH_SEARCH_PATHS = "$(inherited) @executable_path/Frameworks @loader_path/Frameworks";
				PRODUCT_BUNDLE_IDENTIFIER = Bitly.NoteShareTests;
				PRODUCT_NAME = "$(TARGET_NAME)";
				SWIFT_VERSION = 4.0;
				TEST_HOST = "$(BUILT_PRODUCTS_DIR)/NoteShare.app/NoteShare";
			};
			name = Debug;
		};
		D276423D1F82A95F009A9209 /* Release */ = {
			isa = XCBuildConfiguration;
			baseConfigurationReference = CC86EEE1FCDE5CC78CDB8FBD /* Pods-NoteShareTests.release.xcconfig */;
			buildSettings = {
				ALWAYS_EMBED_SWIFT_STANDARD_LIBRARIES = YES;
				BUNDLE_LOADER = "$(TEST_HOST)";
				DEVELOPMENT_TEAM = LQD4PRHBSM;
				INFOPLIST_FILE = NoteShareTests/Info.plist;
				LD_RUNPATH_SEARCH_PATHS = "$(inherited) @executable_path/Frameworks @loader_path/Frameworks";
				PRODUCT_BUNDLE_IDENTIFIER = Bitly.NoteShareTests;
				PRODUCT_NAME = "$(TARGET_NAME)";
				SWIFT_VERSION = 4.0;
				TEST_HOST = "$(BUILT_PRODUCTS_DIR)/NoteShare.app/NoteShare";
			};
			name = Release;
		};
		D276423F1F82A95F009A9209 /* Debug */ = {
			isa = XCBuildConfiguration;
			baseConfigurationReference = 58E240EE037912B9ADB34B2E /* Pods-NoteShareUITests.debug.xcconfig */;
			buildSettings = {
				ALWAYS_EMBED_SWIFT_STANDARD_LIBRARIES = YES;
				DEVELOPMENT_TEAM = LQD4PRHBSM;
				INFOPLIST_FILE = NoteShareUITests/Info.plist;
				LD_RUNPATH_SEARCH_PATHS = "$(inherited) @executable_path/Frameworks @loader_path/Frameworks";
				PRODUCT_BUNDLE_IDENTIFIER = Bitly.NoteShareUITests;
				PRODUCT_NAME = "$(TARGET_NAME)";
				SWIFT_VERSION = 4.0;
				TEST_TARGET_NAME = NoteShare;
			};
			name = Debug;
		};
		D27642401F82A95F009A9209 /* Release */ = {
			isa = XCBuildConfiguration;
			baseConfigurationReference = 99C649452EA63CED6E07AB13 /* Pods-NoteShareUITests.release.xcconfig */;
			buildSettings = {
				ALWAYS_EMBED_SWIFT_STANDARD_LIBRARIES = YES;
				DEVELOPMENT_TEAM = LQD4PRHBSM;
				INFOPLIST_FILE = NoteShareUITests/Info.plist;
				LD_RUNPATH_SEARCH_PATHS = "$(inherited) @executable_path/Frameworks @loader_path/Frameworks";
				PRODUCT_BUNDLE_IDENTIFIER = Bitly.NoteShareUITests;
				PRODUCT_NAME = "$(TARGET_NAME)";
				SWIFT_VERSION = 4.0;
				TEST_TARGET_NAME = NoteShare;
			};
			name = Release;
		};
/* End XCBuildConfiguration section */

/* Begin XCConfigurationList section */
		D27642081F82A95E009A9209 /* Build configuration list for PBXProject "NoteShare" */ = {
			isa = XCConfigurationList;
			buildConfigurations = (
				D27642361F82A95F009A9209 /* Debug */,
				D27642371F82A95F009A9209 /* Release */,
			);
			defaultConfigurationIsVisible = 0;
			defaultConfigurationName = Release;
		};
		D27642381F82A95F009A9209 /* Build configuration list for PBXNativeTarget "NoteShare" */ = {
			isa = XCConfigurationList;
			buildConfigurations = (
				D27642391F82A95F009A9209 /* Debug */,
				D276423A1F82A95F009A9209 /* Release */,
			);
			defaultConfigurationIsVisible = 0;
			defaultConfigurationName = Release;
		};
		D276423B1F82A95F009A9209 /* Build configuration list for PBXNativeTarget "NoteShareTests" */ = {
			isa = XCConfigurationList;
			buildConfigurations = (
				D276423C1F82A95F009A9209 /* Debug */,
				D276423D1F82A95F009A9209 /* Release */,
			);
			defaultConfigurationIsVisible = 0;
			defaultConfigurationName = Release;
		};
		D276423E1F82A95F009A9209 /* Build configuration list for PBXNativeTarget "NoteShareUITests" */ = {
			isa = XCConfigurationList;
			buildConfigurations = (
				D276423F1F82A95F009A9209 /* Debug */,
				D27642401F82A95F009A9209 /* Release */,
			);
			defaultConfigurationIsVisible = 0;
			defaultConfigurationName = Release;
		};
/* End XCConfigurationList section */

/* Begin XCVersionGroup section */
		D27642171F82A95F009A9209 /* NoteShare.xcdatamodeld */ = {
			isa = XCVersionGroup;
			children = (
				D27642181F82A95F009A9209 /* NoteShare.xcdatamodel */,
			);
			currentVersion = D27642181F82A95F009A9209 /* NoteShare.xcdatamodel */;
			path = NoteShare.xcdatamodeld;
			sourceTree = "<group>";
			versionGroupType = wrapper.xcdatamodel;
		};
/* End XCVersionGroup section */
	};
	rootObject = D27642051F82A95E009A9209 /* Project object */;
}
